
Microsoft Visual Studio Solution File, Format Version 12.00
# Visual Studio 15
VisualStudioVersion = 15.0.27703.2042
MinimumVisualStudioVersion = 10.0.40219.1
Project("{FAE04EC0-301F-11D3-BF4B-00C04F79EFBC}") = "SearchFightApp", "SearchFightApp\SearchFightApp.csproj", "{C02AE334-2261-4796-9BE7-0ACFFEAC5449}"
EndProject
Global
	GlobalSection(SolutionConfigurationPlatforms) = preSolution
		Debug|Any CPU = Debug|Any CPU
		Release|Any CPU = Release|Any CPU
	EndGlobalSection
	GlobalSection(ProjectConfigurationPlatforms) = postSolution
		{C02AE334-2261-4796-9BE7-0ACFFEAC5449}.Debug|Any CPU.ActiveCfg = Debug|Any CPU
		{C02AE334-2261-4796-9BE7-0ACFFEAC5449}.Debug|Any CPU.Build.0 = Debug|Any CPU
		{C02AE334-2261-4796-9BE7-0ACFFEAC5449}.Release|Any CPU.ActiveCfg = Release|Any CPU
		{C02AE334-2261-4796-9BE7-0ACFFEAC5449}.Release|Any CPU.Build.0 = Release|Any CPU
	EndGlobalSection
	GlobalSection(SolutionProperties) = preSolution
		HideSolutionNode = FALSE
	EndGlobalSection
	GlobalSection(ExtensibilityGlobals) = postSolution
		SolutionGuid = {985876D4-AC8B-4B65-BB5C-197A749DEAF0}
	EndGlobalSection
EndGlobal
